// !$*UTF8*$!
{
	archiveVersion = 1;
	classes = {
	};
	objectVersion = 48;
	objects = {

/* Begin PBXBuildFile section */
		B10DB2311F36FBCE00054553 /* AppDelegate.swift in Sources */ = {isa = PBXBuildFile; fileRef = B10DB2301F36FBCE00054553 /* AppDelegate.swift */; };
		B10DB2331F36FBCE00054553 /* ViewController.swift in Sources */ = {isa = PBXBuildFile; fileRef = B10DB2321F36FBCE00054553 /* ViewController.swift */; };
		B10DB2361F36FBCE00054553 /* Main.storyboard in Resources */ = {isa = PBXBuildFile; fileRef = B10DB2341F36FBCE00054553 /* Main.storyboard */; };
		B10DB2381F36FBCE00054553 /* Assets.xcassets in Resources */ = {isa = PBXBuildFile; fileRef = B10DB2371F36FBCE00054553 /* Assets.xcassets */; };
		B10DB23B1F36FBCE00054553 /* LaunchScreen.storyboard in Resources */ = {isa = PBXBuildFile; fileRef = B10DB2391F36FBCE00054553 /* LaunchScreen.storyboard */; };
		B10DB2431F36FBFF00054553 /* Inceptionv3.mlmodel in Sources */ = {isa = PBXBuildFile; fileRef = B10DB2421F36FBF800054553 /* Inceptionv3.mlmodel */; };
		B10DB2451F37002300054553 /* Photographer.swift in Sources */ = {isa = PBXBuildFile; fileRef = B10DB2441F37002300054553 /* Photographer.swift */; };
		B10DB2471F370BC600054553 /* ClassExtensions.swift in Sources */ = {isa = PBXBuildFile; fileRef = B10DB2461F370BC600054553 /* ClassExtensions.swift */; };
		B10DB2491F37113400054553 /* Predictor.swift in Sources */ = {isa = PBXBuildFile; fileRef = B10DB2481F37113400054553 /* Predictor.swift */; };
		B10DB24B1F37138800054553 /* PredictionView.swift in Sources */ = {isa = PBXBuildFile; fileRef = B10DB24A1F37138800054553 /* PredictionView.swift */; };
/* End PBXBuildFile section */

/* Begin PBXFileReference section */
		B10DB22D1F36FBCE00054553 /* ShazamForImages.app */ = {isa = PBXFileReference; explicitFileType = wrapper.application; includeInIndex = 0; path = ShazamForImages.app; sourceTree = BUILT_PRODUCTS_DIR; };
		B10DB2301F36FBCE00054553 /* AppDelegate.swift */ = {isa = PBXFileReference; lastKnownFileType = sourcecode.swift; path = AppDelegate.swift; sourceTree = "<group>"; };
		B10DB2321F36FBCE00054553 /* ViewController.swift */ = {isa = PBXFileReference; lastKnownFileType = sourcecode.swift; path = ViewController.swift; sourceTree = "<group>"; };
		B10DB2351F36FBCE00054553 /* Base */ = {isa = PBXFileReference; lastKnownFileType = file.storyboard; name = Base; path = Base.lproj/Main.storyboard; sourceTree = "<group>"; };
		B10DB2371F36FBCE00054553 /* Assets.xcassets */ = {isa = PBXFileReference; lastKnownFileType = folder.assetcatalog; path = Assets.xcassets; sourceTree = "<group>"; };
		B10DB23A1F36FBCE00054553 /* Base */ = {isa = PBXFileReference; lastKnownFileType = file.storyboard; name = Base; path = Base.lproj/LaunchScreen.storyboard; sourceTree = "<group>"; };
		B10DB23C1F36FBCE00054553 /* Info.plist */ = {isa = PBXFileReference; lastKnownFileType = text.plist.xml; path = Info.plist; sourceTree = "<group>"; };
		B10DB2421F36FBF800054553 /* Inceptionv3.mlmodel */ = {isa = PBXFileReference; lastKnownFileType = file.mlmodel; path = Inceptionv3.mlmodel; sourceTree = "<group>"; };
		B10DB2441F37002300054553 /* Photographer.swift */ = {isa = PBXFileReference; lastKnownFileType = sourcecode.swift; path = Photographer.swift; sourceTree = "<group>"; };
		B10DB2461F370BC600054553 /* ClassExtensions.swift */ = {isa = PBXFileReference; lastKnownFileType = sourcecode.swift; path = ClassExtensions.swift; sourceTree = "<group>"; };
		B10DB2481F37113400054553 /* Predictor.swift */ = {isa = PBXFileReference; lastKnownFileType = sourcecode.swift; path = Predictor.swift; sourceTree = "<group>"; };
		B10DB24A1F37138800054553 /* PredictionView.swift */ = {isa = PBXFileReference; lastKnownFileType = sourcecode.swift; path = PredictionView.swift; sourceTree = "<group>"; };
/* End PBXFileReference section */

/* Begin PBXFrameworksBuildPhase section */
		B10DB22A1F36FBCE00054553 /* Frameworks */ = {
			isa = PBXFrameworksBuildPhase;
			buildActionMask = 2147483647;
			files = (
			);
			runOnlyForDeploymentPostprocessing = 0;
		};
/* End PBXFrameworksBuildPhase section */

/* Begin PBXGroup section */
		B10DB2241F36FBCE00054553 = {
			isa = PBXGroup;
			children = (
				B10DB22F1F36FBCE00054553 /* ShazamForImages */,
				B10DB22E1F36FBCE00054553 /* Products */,
			);
			sourceTree = "<group>";
		};
		B10DB22E1F36FBCE00054553 /* Products */ = {
			isa = PBXGroup;
			children = (
				B10DB22D1F36FBCE00054553 /* ShazamForImages.app */,
			);
			name = Products;
			sourceTree = "<group>";
		};
		B10DB22F1F36FBCE00054553 /* ShazamForImages */ = {
			isa = PBXGroup;
			children = (
				B10DB2421F36FBF800054553 /* Inceptionv3.mlmodel */,
				B10DB2461F370BC600054553 /* ClassExtensions.swift */,
				B10DB2301F36FBCE00054553 /* AppDelegate.swift */,
				B10DB2441F37002300054553 /* Photographer.swift */,
				B10DB2321F36FBCE00054553 /* ViewController.swift */,
				B10DB24A1F37138800054553 /* PredictionView.swift */,
				B10DB2481F37113400054553 /* Predictor.swift */,
				B10DB2341F36FBCE00054553 /* Main.storyboard */,
				B10DB2371F36FBCE00054553 /* Assets.xcassets */,
				B10DB2391F36FBCE00054553 /* LaunchScreen.storyboard */,
				B10DB23C1F36FBCE00054553 /* Info.plist */,
			);
			path = ShazamForImages;
			sourceTree = "<group>";
		};
/* End PBXGroup section */

/* Begin PBXNativeTarget section */
		B10DB22C1F36FBCE00054553 /* ShazamForImages */ = {
			isa = PBXNativeTarget;
			buildConfigurationList = B10DB23F1F36FBCE00054553 /* Build configuration list for PBXNativeTarget "ShazamForImages" */;
			buildPhases = (
				B10DB2291F36FBCE00054553 /* Sources */,
				B10DB22A1F36FBCE00054553 /* Frameworks */,
				B10DB22B1F36FBCE00054553 /* Resources */,
			);
			buildRules = (
			);
			dependencies = (
			);
			name = ShazamForImages;
			productName = ShazamForImages;
			productReference = B10DB22D1F36FBCE00054553 /* ShazamForImages.app */;
			productType = "com.apple.product-type.application";
		};
/* End PBXNativeTarget section */

/* Begin PBXProject section */
		B10DB2251F36FBCE00054553 /* Project object */ = {
			isa = PBXProject;
			attributes = {
				LastSwiftUpdateCheck = 0900;
				LastUpgradeCheck = 0900;
				ORGANIZATIONNAME = allenx;
				TargetAttributes = {
					B10DB22C1F36FBCE00054553 = {
						CreatedOnToolsVersion = 9.0;
					};
				};
			};
			buildConfigurationList = B10DB2281F36FBCE00054553 /* Build configuration list for PBXProject "ShazamForImages" */;
			compatibilityVersion = "Xcode 8.0";
			developmentRegion = en;
			hasScannedForEncodings = 0;
			knownRegions = (
				en,
				Base,
			);
			mainGroup = B10DB2241F36FBCE00054553;
			productRefGroup = B10DB22E1F36FBCE00054553 /* Products */;
			projectDirPath = "";
			projectRoot = "";
			targets = (
				B10DB22C1F36FBCE00054553 /* ShazamForImages */,
			);
		};
/* End PBXProject section */

/* Begin PBXResourcesBuildPhase section */
		B10DB22B1F36FBCE00054553 /* Resources */ = {
			isa = PBXResourcesBuildPhase;
			buildActionMask = 2147483647;
			files = (
				B10DB23B1F36FBCE00054553 /* LaunchScreen.storyboard in Resources */,
				B10DB2381F36FBCE00054553 /* Assets.xcassets in Resources */,
				B10DB2361F36FBCE00054553 /* Main.storyboard in Resources */,
			);
			runOnlyForDeploymentPostprocessing = 0;
		};
/* End PBXResourcesBuildPhase section */

/* Begin PBXSourcesBuildPhase section */
		B10DB2291F36FBCE00054553 /* Sources */ = {
			isa = PBXSourcesBuildPhase;
			buildActionMask = 2147483647;
			files = (
				B10DB2471F370BC600054553 /* ClassExtensions.swift in Sources */,
				B10DB2451F37002300054553 /* Photographer.swift in Sources */,
				B10DB2331F36FBCE00054553 /* ViewController.swift in Sources */,
				B10DB2431F36FBFF00054553 /* Inceptionv3.mlmodel in Sources */,
				B10DB2491F37113400054553 /* Predictor.swift in Sources */,
				B10DB2311F36FBCE00054553 /* AppDelegate.swift in Sources */,
				B10DB24B1F37138800054553 /* PredictionView.swift in Sources */,
			);
			runOnlyForDeploymentPostprocessing = 0;
		};
/* End PBXSourcesBuildPhase section */

/* Begin PBXVariantGroup section */
		B10DB2341F36FBCE00054553 /* Main.storyboard */ = {
			isa = PBXVariantGroup;
			children = (
				B10DB2351F36FBCE00054553 /* Base */,
			);
			name = Main.storyboard;
			sourceTree = "<group>";
		};
		B10DB2391F36FBCE00054553 /* LaunchScreen.storyboard */ = {
			isa = PBXVariantGroup;
			children = (
				B10DB23A1F36FBCE00054553 /* Base */,
			);
			name = LaunchScreen.storyboard;
			sourceTree = "<group>";
		};
/* End PBXVariantGroup section */

/* Begin XCBuildConfiguration section */
		B10DB23D1F36FBCE00054553 /* Debug */ = {
			isa = XCBuildConfiguration;
			buildSettings = {
				ALWAYS_SEARCH_USER_PATHS = NO;
				CLANG_ANALYZER_NONNULL = YES;
				CLANG_ANALYZER_NUMBER_OBJECT_CONVERSION = YES_AGGRESSIVE;
				CLANG_CXX_LANGUAGE_STANDARD = "gnu++14";
				CLANG_CXX_LIBRARY = "libc++";
				CLANG_ENABLE_MODULES = YES;
				CLANG_ENABLE_OBJC_ARC = YES;
				CLANG_WARN_BLOCK_CAPTURE_AUTORELEASING = YES;
				CLANG_WARN_BOOL_CONVERSION = YES;
				CLANG_WARN_COMMA = YES;
				CLANG_WARN_CONSTANT_CONVERSION = YES;
				CLANG_WARN_DIRECT_OBJC_ISA_USAGE = YES_ERROR;
				CLANG_WARN_DOCUMENTATION_COMMENTS = YES;
				CLANG_WARN_EMPTY_BODY = YES;
				CLANG_WARN_ENUM_CONVERSION = YES;
				CLANG_WARN_INFINITE_RECURSION = YES;
				CLANG_WARN_INT_CONVERSION = YES;
				CLANG_WARN_NON_LITERAL_NULL_CONVERSION = YES;
				CLANG_WARN_OBJC_LITERAL_CONVERSION = YES;
				CLANG_WARN_OBJC_ROOT_CLASS = YES_ERROR;
				CLANG_WARN_RANGE_LOOP_ANALYSIS = YES;
				CLANG_WARN_STRICT_PROTOTYPES = YES;
				CLANG_WARN_SUSPICIOUS_MOVE = YES;
				CLANG_WARN_UNGUARDED_AVAILABILITY = YES_AGGRESSIVE;
				CLANG_WARN_UNREACHABLE_CODE = YES;
				CLANG_WARN__DUPLICATE_METHOD_MATCH = YES;
				CODE_SIGN_IDENTITY = "iPhone Developer";
				COPY_PHASE_STRIP = NO;
				DEBUG_INFORMATION_FORMAT = dwarf;
				ENABLE_STRICT_OBJC_MSGSEND = YES;
				ENABLE_TESTABILITY = YES;
				GCC_C_LANGUAGE_STANDARD = gnu11;
				GCC_DYNAMIC_NO_PIC = NO;
				GCC_NO_COMMON_BLOCKS = YES;
				GCC_OPTIMIZATION_LEVEL = 0;
				GCC_PREPROCESSOR_DEFINITIONS = (
					"DEBUG=1",
					"$(inherited)",
				);
				GCC_WARN_64_TO_32_BIT_CONVERSION = YES;
				GCC_WARN_ABOUT_RETURN_TYPE = YES_ERROR;
				GCC_WARN_UNDECLARED_SELECTOR = YES;
				GCC_WARN_UNINITIALIZED_AUTOS = YES_AGGRESSIVE;
				GCC_WARN_UNUSED_FUNCTION = YES;
				GCC_WARN_UNUSED_VARIABLE = YES;
				IPHONEOS_DEPLOYMENT_TARGET = 11.0;
				MTL_ENABLE_DEBUG_INFO = YES;
				ONLY_ACTIVE_ARCH = YES;
				SDKROOT = iphoneos;
				SWIFT_ACTIVE_COMPILATION_CONDITIONS = DEBUG;
				SWIFT_OPTIMIZATION_LEVEL = "-Onone";
			};
			name = Debug;
		};
		B10DB23E1F36FBCE00054553 /* Release */ = {
			isa = XCBuildConfiguration;
			buildSettings = {
				ALWAYS_SEARCH_USER_PATHS = NO;
				CLANG_ANALYZER_NONNULL = YES;
				CLANG_ANALYZER_NUMBER_OBJECT_CONVERSION = YES_AGGRESSIVE;
				CLANG_CXX_LANGUAGE_STANDARD = "gnu++14";
				CLANG_CXX_LIBRARY = "libc++";
				CLANG_ENABLE_MODULES = YES;
				CLANG_ENABLE_OBJC_ARC = YES;
				CLANG_WARN_BLOCK_CAPTURE_AUTORELEASING = YES;
				CLANG_WARN_BOOL_CONVERSION = YES;
				CLANG_WARN_COMMA = YES;
				CLANG_WARN_CONSTANT_CONVERSION = YES;
				CLANG_WARN_DIRECT_OBJC_ISA_USAGE = YES_ERROR;
				CLANG_WARN_DOCUMENTATION_COMMENTS = YES;
				CLANG_WARN_EMPTY_BODY = YES;
				CLANG_WARN_ENUM_CONVERSION = YES;
				CLANG_WARN_INFINITE_RECURSION = YES;
				CLANG_WARN_INT_CONVERSION = YES;
				CLANG_WARN_NON_LITERAL_NULL_CONVERSION = YES;
				CLANG_WARN_OBJC_LITERAL_CONVERSION = YES;
				CLANG_WARN_OBJC_ROOT_CLASS = YES_ERROR;
				CLANG_WARN_RANGE_LOOP_ANALYSIS = YES;
				CLANG_WARN_STRICT_PROTOTYPES = YES;
				CLANG_WARN_SUSPICIOUS_MOVE = YES;
				CLANG_WARN_UNGUARDED_AVAILABILITY = YES_AGGRESSIVE;
				CLANG_WARN_UNREACHABLE_CODE = YES;
				CLANG_WARN__DUPLICATE_METHOD_MATCH = YES;
				CODE_SIGN_IDENTITY = "iPhone Developer";
				COPY_PHASE_STRIP = NO;
				DEBUG_INFORMATION_FORMAT = "dwarf-with-dsym";
				ENABLE_NS_ASSERTIONS = NO;
				ENABLE_STRICT_OBJC_MSGSEND = YES;
				GCC_C_LANGUAGE_STANDARD = gnu11;
				GCC_NO_COMMON_BLOCKS = YES;
				GCC_WARN_64_TO_32_BIT_CONVERSION = YES;
				GCC_WARN_ABOUT_RETURN_TYPE = YES_ERROR;
				GCC_WARN_UNDECLARED_SELECTOR = YES;
				GCC_WARN_UNINITIALIZED_AUTOS = YES_AGGRESSIVE;
				GCC_WARN_UNUSED_FUNCTION = YES;
				GCC_WARN_UNUSED_VARIABLE = YES;
				IPHONEOS_DEPLOYMENT_TARGET = 11.0;
				MTL_ENABLE_DEBUG_INFO = NO;
				SDKROOT = iphoneos;
				SWIFT_OPTIMIZATION_LEVEL = "-Owholemodule";
				VALIDATE_PRODUCT = YES;
			};
			name = Release;
		};
		B10DB2401F36FBCE00054553 /* Debug */ = {
			isa = XCBuildConfiguration;
			buildSettings = {
				ASSETCATALOG_COMPILER_APPICON_NAME = AppIcon;
				DEVELOPMENT_TEAM = N777F9PD46;
				INFOPLIST_FILE = ShazamForImages/Info.plist;
				LD_RUNPATH_SEARCH_PATHS = "$(inherited) @executable_path/Frameworks";
				PRODUCT_BUNDLE_IDENTIFIER = com.allenxa.ShazamForImages;
				PRODUCT_NAME = "$(TARGET_NAME)";
				SWIFT_VERSION = 4.0;
				TARGETED_DEVICE_FAMILY = "1,2";
			};
			name = Debug;
		};
		B10DB2411F36FBCE00054553 /* Release */ = {
			isa = XCBuildConfiguration;
			buildSettings = {
				ASSETCATALOG_COMPILER_APPICON_NAME = AppIcon;
				DEVELOPMENT_TEAM = N777F9PD46;
				INFOPLIST_FILE = ShazamForImages/Info.plist;
				LD_RUNPATH_SEARCH_PATHS = "$(inherited) @executable_path/Frameworks";
				PRODUCT_BUNDLE_IDENTIFIER = com.allenxa.ShazamForImages;
				PRODUCT_NAME = "$(TARGET_NAME)";
				SWIFT_VERSION = 4.0;
				TARGETED_DEVICE_FAMILY = "1,2";
			};
			name = Release;
		};
/* End XCBuildConfiguration section */

/* Begin XCConfigurationList section */
		B10DB2281F36FBCE00054553 /* Build configuration list for PBXProject "ShazamForImages" */ = {
			isa = XCConfigurationList;
			buildConfigurations = (
				B10DB23D1F36FBCE00054553 /* Debug */,
				B10DB23E1F36FBCE00054553 /* Release */,
			);
			defaultConfigurationIsVisible = 0;
			defaultConfigurationName = Release;
		};
		B10DB23F1F36FBCE00054553 /* Build configuration list for PBXNativeTarget "ShazamForImages" */ = {
			isa = XCConfigurationList;
			buildConfigurations = (
				B10DB2401F36FBCE00054553 /* Debug */,
				B10DB2411F36FBCE00054553 /* Release */,
			);
			defaultConfigurationIsVisible = 0;
			defaultConfigurationName = Release;
		};
/* End XCConfigurationList section */
	};
	rootObject = B10DB2251F36FBCE00054553 /* Project object */;
}
